// !$*UTF8*$!
{
	archiveVersion = 1;
	classes = {
	};
	objectVersion = 55;
	objects = {

/* Begin PBXBuildFile section */
		18BB6DEF2842BC4D009BAC60 /* AppDelegate.swift in Sources */ = {isa = PBXBuildFile; fileRef = 18BB6DEE2842BC4D009BAC60 /* AppDelegate.swift */; };
		18BB6DF12842BC4D009BAC60 /* SceneDelegate.swift in Sources */ = {isa = PBXBuildFile; fileRef = 18BB6DF02842BC4D009BAC60 /* SceneDelegate.swift */; };
		18BB6DF32842BC4D009BAC60 /* ViewController.swift in Sources */ = {isa = PBXBuildFile; fileRef = 18BB6DF22842BC4D009BAC60 /* ViewController.swift */; };
		18BB6DF62842BC4D009BAC60 /* Main.storyboard in Resources */ = {isa = PBXBuildFile; fileRef = 18BB6DF42842BC4D009BAC60 /* Main.storyboard */; };
		18BB6DF82842BC54009BAC60 /* Assets.xcassets in Resources */ = {isa = PBXBuildFile; fileRef = 18BB6DF72842BC54009BAC60 /* Assets.xcassets */; };
		18BB6DFB2842BC54009BAC60 /* LaunchScreen.storyboard in Resources */ = {isa = PBXBuildFile; fileRef = 18BB6DF92842BC54009BAC60 /* LaunchScreen.storyboard */; };
		18E415F32842C6C10053C3D0 /* LocationData.swift in Sources */ = {isa = PBXBuildFile; fileRef = 18E415F22842C6C10053C3D0 /* LocationData.swift */; };
		18E415F52842C79C0053C3D0 /* CurrentData.swift in Sources */ = {isa = PBXBuildFile; fileRef = 18E415F42842C79C0053C3D0 /* CurrentData.swift */; };
		18E415F72842C8C50053C3D0 /* WeatherData.swift in Sources */ = {isa = PBXBuildFile; fileRef = 18E415F62842C8C50053C3D0 /* WeatherData.swift */; };
/* End PBXBuildFile section */

/* Begin PBXFileReference section */
		18BB6DEB2842BC4D009BAC60 /* Weatther App API Call.app */ = {isa = PBXFileReference; explicitFileType = wrapper.application; includeInIndex = 0; path = "Weatther App API Call.app"; sourceTree = BUILT_PRODUCTS_DIR; };
		18BB6DEE2842BC4D009BAC60 /* AppDelegate.swift */ = {isa = PBXFileReference; lastKnownFileType = sourcecode.swift; path = AppDelegate.swift; sourceTree = "<group>"; };
		18BB6DF02842BC4D009BAC60 /* SceneDelegate.swift */ = {isa = PBXFileReference; lastKnownFileType = sourcecode.swift; path = SceneDelegate.swift; sourceTree = "<group>"; };
		18BB6DF22842BC4D009BAC60 /* ViewController.swift */ = {isa = PBXFileReference; lastKnownFileType = sourcecode.swift; path = ViewController.swift; sourceTree = "<group>"; };
		18BB6DF52842BC4D009BAC60 /* Base */ = {isa = PBXFileReference; lastKnownFileType = file.storyboard; name = Base; path = Base.lproj/Main.storyboard; sourceTree = "<group>"; };
		18BB6DF72842BC54009BAC60 /* Assets.xcassets */ = {isa = PBXFileReference; lastKnownFileType = folder.assetcatalog; path = Assets.xcassets; sourceTree = "<group>"; };
		18BB6DFA2842BC54009BAC60 /* Base */ = {isa = PBXFileReference; lastKnownFileType = file.storyboard; name = Base; path = Base.lproj/LaunchScreen.storyboard; sourceTree = "<group>"; };
		18BB6DFC2842BC54009BAC60 /* Info.plist */ = {isa = PBXFileReference; lastKnownFileType = text.plist.xml; path = Info.plist; sourceTree = "<group>"; };
		18E415F22842C6C10053C3D0 /* LocationData.swift */ = {isa = PBXFileReference; lastKnownFileType = sourcecode.swift; path = LocationData.swift; sourceTree = "<group>"; };
		18E415F42842C79C0053C3D0 /* CurrentData.swift */ = {isa = PBXFileReference; lastKnownFileType = sourcecode.swift; path = CurrentData.swift; sourceTree = "<group>"; };
		18E415F62842C8C50053C3D0 /* WeatherData.swift */ = {isa = PBXFileReference; lastKnownFileType = sourcecode.swift; path = WeatherData.swift; sourceTree = "<group>"; };
/* End PBXFileReference section */

/* Begin PBXFrameworksBuildPhase section */
		18BB6DE82842BC4D009BAC60 /* Frameworks */ = {
			isa = PBXFrameworksBuildPhase;
			buildActionMask = 2147483647;
			files = (
			);
			runOnlyForDeploymentPostprocessing = 0;
		};
/* End PBXFrameworksBuildPhase section */

/* Begin PBXGroup section */
		18BB6DE22842BC4D009BAC60 = {
			isa = PBXGroup;
			children = (
				18BB6DED2842BC4D009BAC60 /* Weatther App API Call */,
				18BB6DEC2842BC4D009BAC60 /* Products */,
			);
			sourceTree = "<group>";
		};
		18BB6DEC2842BC4D009BAC60 /* Products */ = {
			isa = PBXGroup;
			children = (
				18BB6DEB2842BC4D009BAC60 /* Weatther App API Call.app */,
			);
			name = Products;
			sourceTree = "<group>";
		};
		18BB6DED2842BC4D009BAC60 /* Weatther App API Call */ = {
			isa = PBXGroup;
			children = (
				18BB6DEE2842BC4D009BAC60 /* AppDelegate.swift */,
				18BB6DF02842BC4D009BAC60 /* SceneDelegate.swift */,
				18BB6DF22842BC4D009BAC60 /* ViewController.swift */,
				18E415F22842C6C10053C3D0 /* LocationData.swift */,
				18E415F42842C79C0053C3D0 /* CurrentData.swift */,
				18E415F62842C8C50053C3D0 /* WeatherData.swift */,
				18BB6DF42842BC4D009BAC60 /* Main.storyboard */,
				18BB6DF72842BC54009BAC60 /* Assets.xcassets */,
				18BB6DF92842BC54009BAC60 /* LaunchScreen.storyboard */,
				18BB6DFC2842BC54009BAC60 /* Info.plist */,
			);
			path = "Weatther App API Call";
			sourceTree = "<group>";
		};
/* End PBXGroup section */

/* Begin PBXNativeTarget section */
		18BB6DEA2842BC4D009BAC60 /* Weatther App API Call */ = {
			isa = PBXNativeTarget;
			buildConfigurationList = 18BB6DFF2842BC54009BAC60 /* Build configuration list for PBXNativeTarget "Weatther App API Call" */;
			buildPhases = (
				18BB6DE72842BC4D009BAC60 /* Sources */,
				18BB6DE82842BC4D009BAC60 /* Frameworks */,
				18BB6DE92842BC4D009BAC60 /* Resources */,
			);
			buildRules = (
			);
			dependencies = (
			);
			name = "Weatther App API Call";
			productName = "Weatther App API Call";
			productReference = 18BB6DEB2842BC4D009BAC60 /* Weatther App API Call.app */;
			productType = "com.apple.product-type.application";
		};
/* End PBXNativeTarget section */

/* Begin PBXProject section */
		18BB6DE32842BC4D009BAC60 /* Project object */ = {
			isa = PBXProject;
			attributes = {
				BuildIndependentTargetsInParallel = 1;
				LastSwiftUpdateCheck = 1330;
				LastUpgradeCheck = 1330;
				TargetAttributes = {
					18BB6DEA2842BC4D009BAC60 = {
						CreatedOnToolsVersion = 13.3;
					};
				};
			};
			buildConfigurationList = 18BB6DE62842BC4D009BAC60 /* Build configuration list for PBXProject "Weatther App API Call" */;
			compatibilityVersion = "Xcode 13.0";
			developmentRegion = en;
			hasScannedForEncodings = 0;
			knownRegions = (
				en,
				Base,
			);
			mainGroup = 18BB6DE22842BC4D009BAC60;
			productRefGroup = 18BB6DEC2842BC4D009BAC60 /* Products */;
			projectDirPath = "";
			projectRoot = "";
			targets = (
				18BB6DEA2842BC4D009BAC60 /* Weatther App API Call */,
			);
		};
/* End PBXProject section */

/* Begin PBXResourcesBuildPhase section */
		18BB6DE92842BC4D009BAC60 /* Resources */ = {
			isa = PBXResourcesBuildPhase;
			buildActionMask = 2147483647;
			files = (
				18BB6DFB2842BC54009BAC60 /* LaunchScreen.storyboard in Resources */,
				18BB6DF82842BC54009BAC60 /* Assets.xcassets in Resources */,
				18BB6DF62842BC4D009BAC60 /* Main.storyboard in Resources */,
			);
			runOnlyForDeploymentPostprocessing = 0;
		};
/* End PBXResourcesBuildPhase section */

/* Begin PBXSourcesBuildPhase section */
		18BB6DE72842BC4D009BAC60 /* Sources */ = {
			isa = PBXSourcesBuildPhase;
			buildActionMask = 2147483647;
			files = (
				18E415F32842C6C10053C3D0 /* LocationData.swift in Sources */,
				18BB6DF32842BC4D009BAC60 /* ViewController.swift in Sources */,
				18BB6DEF2842BC4D009BAC60 /* AppDelegate.swift in Sources */,
				18E415F52842C79C0053C3D0 /* CurrentData.swift in Sources */,
				18E415F72842C8C50053C3D0 /* WeatherData.swift in Sources */,
				18BB6DF12842BC4D009BAC60 /* SceneDelegate.swift in Sources */,
			);
			runOnlyForDeploymentPostprocessing = 0;
		};
/* End PBXSourcesBuildPhase section */

/* Begin PBXVariantGroup section */
		18BB6DF42842BC4D009BAC60 /* Main.storyboard */ = {
			isa = PBXVariantGroup;
			children = (
				18BB6DF52842BC4D009BAC60 /* Base */,
			);
			name = Main.storyboard;
			sourceTree = "<group>";
		};
		18BB6DF92842BC54009BAC60 /* LaunchScreen.storyboard */ = {
			isa = PBXVariantGroup;
			children = (
				18BB6DFA2842BC54009BAC60 /* Base */,
			);
			name = LaunchScreen.storyboard;
			sourceTree = "<group>";
		};
/* End PBXVariantGroup section */

/* Begin XCBuildConfiguration section */
		18BB6DFD2842BC54009BAC60 /* Debug */ = {
			isa = XCBuildConfiguration;
			buildSettings = {
				ALWAYS_SEARCH_USER_PATHS = NO;
				CLANG_ANALYZER_NONNULL = YES;
				CLANG_ANALYZER_NUMBER_OBJECT_CONVERSION = YES_AGGRESSIVE;
				CLANG_CXX_LANGUAGE_STANDARD = "gnu++17";
				CLANG_ENABLE_MODULES = YES;
				CLANG_ENABLE_OBJC_ARC = YES;
				CLANG_ENABLE_OBJC_WEAK = YES;
				CLANG_WARN_BLOCK_CAPTURE_AUTORELEASING = YES;
				CLANG_WARN_BOOL_CONVERSION = YES;
				CLANG_WARN_COMMA = YES;
				CLANG_WARN_CONSTANT_CONVERSION = YES;
				CLANG_WARN_DEPRECATED_OBJC_IMPLEMENTATIONS = YES;
				CLANG_WARN_DIRECT_OBJC_ISA_USAGE = YES_ERROR;
				CLANG_WARN_DOCUMENTATION_COMMENTS = YES;
				CLANG_WARN_EMPTY_BODY = YES;
				CLANG_WARN_ENUM_CONVERSION = YES;
				CLANG_WARN_INFINITE_RECURSION = YES;
				CLANG_WARN_INT_CONVERSION = YES;
				CLANG_WARN_NON_LITERAL_NULL_CONVERSION = YES;
				CLANG_WARN_OBJC_IMPLICIT_RETAIN_SELF = YES;
				CLANG_WARN_OBJC_LITERAL_CONVERSION = YES;
				CLANG_WARN_OBJC_ROOT_CLASS = YES_ERROR;
				CLANG_WARN_QUOTED_INCLUDE_IN_FRAMEWORK_HEADER = YES;
				CLANG_WARN_RANGE_LOOP_ANALYSIS = YES;
				CLANG_WARN_STRICT_PROTOTYPES = YES;
				CLANG_WARN_SUSPICIOUS_MOVE = YES;
				CLANG_WARN_UNGUARDED_AVAILABILITY = YES_AGGRESSIVE;
				CLANG_WARN_UNREACHABLE_CODE = YES;
				CLANG_WARN__DUPLICATE_METHOD_MATCH = YES;
				COPY_PHASE_STRIP = NO;
				DEBUG_INFORMATION_FORMAT = dwarf;
				ENABLE_STRICT_OBJC_MSGSEND = YES;
				ENABLE_TESTABILITY = YES;
				GCC_C_LANGUAGE_STANDARD = gnu11;
				GCC_DYNAMIC_NO_PIC = NO;
				GCC_NO_COMMON_BLOCKS = YES;
				GCC_OPTIMIZATION_LEVEL = 0;
				GCC_PREPROCESSOR_DEFINITIONS = (
					"DEBUG=1",
					"$(inherited)",
				);
				GCC_WARN_64_TO_32_BIT_CONVERSION = YES;
				GCC_WARN_ABOUT_RETURN_TYPE = YES_ERROR;
				GCC_WARN_UNDECLARED_SELECTOR = YES;
				GCC_WARN_UNINITIALIZED_AUTOS = YES_AGGRESSIVE;
				GCC_WARN_UNUSED_FUNCTION = YES;
				GCC_WARN_UNUSED_VARIABLE = YES;
				IPHONEOS_DEPLOYMENT_TARGET = 15.4;
				MTL_ENABLE_DEBUG_INFO = INCLUDE_SOURCE;
				MTL_FAST_MATH = YES;
				ONLY_ACTIVE_ARCH = YES;
				SDKROOT = iphoneos;
				SWIFT_ACTIVE_COMPILATION_CONDITIONS = DEBUG;
				SWIFT_OPTIMIZATION_LEVEL = "-Onone";
			};
			name = Debug;
		};
		18BB6DFE2842BC54009BAC60 /* Release */ = {
			isa = XCBuildConfiguration;
			buildSettings = {
				ALWAYS_SEARCH_USER_PATHS = NO;
				CLANG_ANALYZER_NONNULL = YES;
				CLANG_ANALYZER_NUMBER_OBJECT_CONVERSION = YES_AGGRESSIVE;
				CLANG_CXX_LANGUAGE_STANDARD = "gnu++17";
				CLANG_ENABLE_MODULES = YES;
				CLANG_ENABLE_OBJC_ARC = YES;
				CLANG_ENABLE_OBJC_WEAK = YES;
				CLANG_WARN_BLOCK_CAPTURE_AUTORELEASING = YES;
				CLANG_WARN_BOOL_CONVERSION = YES;
				CLANG_WARN_COMMA = YES;
				CLANG_WARN_CONSTANT_CONVERSION = YES;
				CLANG_WARN_DEPRECATED_OBJC_IMPLEMENTATIONS = YES;
				CLANG_WARN_DIRECT_OBJC_ISA_USAGE = YES_ERROR;
				CLANG_WARN_DOCUMENTATION_COMMENTS = YES;
				CLANG_WARN_EMPTY_BODY = YES;
				CLANG_WARN_ENUM_CONVERSION = YES;
				CLANG_WARN_INFINITE_RECURSION = YES;
				CLANG_WARN_INT_CONVERSION = YES;
				CLANG_WARN_NON_LITERAL_NULL_CONVERSION = YES;
				CLANG_WARN_OBJC_IMPLICIT_RETAIN_SELF = YES;
				CLANG_WARN_OBJC_LITERAL_CONVERSION = YES;
				CLANG_WARN_OBJC_ROOT_CLASS = YES_ERROR;
				CLANG_WARN_QUOTED_INCLUDE_IN_FRAMEWORK_HEADER = YES;
				CLANG_WARN_RANGE_LOOP_ANALYSIS = YES;
				CLANG_WARN_STRICT_PROTOTYPES = YES;
				CLANG_WARN_SUSPICIOUS_MOVE = YES;
				CLANG_WARN_UNGUARDED_AVAILABILITY = YES_AGGRESSIVE;
				CLANG_WARN_UNREACHABLE_CODE = YES;
				CLANG_WARN__DUPLICATE_METHOD_MATCH = YES;
				COPY_PHASE_STRIP = NO;
				DEBUG_INFORMATION_FORMAT = "dwarf-with-dsym";
				ENABLE_NS_ASSERTIONS = NO;
				ENABLE_STRICT_OBJC_MSGSEND = YES;
				GCC_C_LANGUAGE_STANDARD = gnu11;
				GCC_NO_COMMON_BLOCKS = YES;
				GCC_WARN_64_TO_32_BIT_CONVERSION = YES;
				GCC_WARN_ABOUT_RETURN_TYPE = YES_ERROR;
				GCC_WARN_UNDECLARED_SELECTOR = YES;
				GCC_WARN_UNINITIALIZED_AUTOS = YES_AGGRESSIVE;
				GCC_WARN_UNUSED_FUNCTION = YES;
				GCC_WARN_UNUSED_VARIABLE = YES;
				IPHONEOS_DEPLOYMENT_TARGET = 15.4;
				MTL_ENABLE_DEBUG_INFO = NO;
				MTL_FAST_MATH = YES;
				SDKROOT = iphoneos;
				SWIFT_COMPILATION_MODE = wholemodule;
				SWIFT_OPTIMIZATION_LEVEL = "-O";
				VALIDATE_PRODUCT = YES;
			};
			name = Release;
		};
		18BB6E002842BC54009BAC60 /* Debug */ = {
			isa = XCBuildConfiguration;
			buildSettings = {
				ASSETCATALOG_COMPILER_APPICON_NAME = AppIcon;
				ASSETCATALOG_COMPILER_GLOBAL_ACCENT_COLOR_NAME = AccentColor;
				CODE_SIGN_STYLE = Automatic;
				CURRENT_PROJECT_VERSION = 1;
				DEVELOPMENT_TEAM = NL6KUSCCS8;
				GENERATE_INFOPLIST_FILE = YES;
				INFOPLIST_FILE = "Weatther App API Call/Info.plist";
				INFOPLIST_KEY_UIApplicationSupportsIndirectInputEvents = YES;
				INFOPLIST_KEY_UILaunchStoryboardName = LaunchScreen;
				INFOPLIST_KEY_UIMainStoryboardFile = Main;
				INFOPLIST_KEY_UISupportedInterfaceOrientations_iPad = "UIInterfaceOrientationPortrait UIInterfaceOrientationPortraitUpsideDown UIInterfaceOrientationLandscapeLeft UIInterfaceOrientationLandscapeRight";
				INFOPLIST_KEY_UISupportedInterfaceOrientations_iPhone = "UIInterfaceOrientationPortrait UIInterfaceOrientationLandscapeLeft UIInterfaceOrientationLandscapeRight";
				LD_RUNPATH_SEARCH_PATHS = (
					"$(inherited)",
					"@executable_path/Frameworks",
				);
				MARKETING_VERSION = 1.0;
				PRODUCT_BUNDLE_IDENTIFIER = "sainathbamen.Weatther-App-API-Call";
				PRODUCT_NAME = "$(TARGET_NAME)";
				SWIFT_EMIT_LOC_STRINGS = YES;
				SWIFT_VERSION = 5.0;
				TARGETED_DEVICE_FAMILY = "1,2";
			};
			name = Debug;
		};
		18BB6E012842BC54009BAC60 /* Release */ = {
			isa = XCBuildConfiguration;
			buildSettings = {
				ASSETCATALOG_COMPILER_APPICON_NAME = AppIcon;
				ASSETCATALOG_COMPILER_GLOBAL_ACCENT_COLOR_NAME = AccentColor;
				CODE_SIGN_STYLE = Automatic;
				CURRENT_PROJECT_VERSION = 1;
				DEVELOPMENT_TEAM = NL6KUSCCS8;
				GENERATE_INFOPLIST_FILE = YES;
				INFOPLIST_FILE = "Weatther App API Call/Info.plist";
				INFOPLIST_KEY_UIApplicationSupportsIndirectInputEvents = YES;
				INFOPLIST_KEY_UILaunchStoryboardName = LaunchScreen;
				INFOPLIST_KEY_UIMainStoryboardFile = Main;
				INFOPLIST_KEY_UISupportedInterfaceOrientations_iPad = "UIInterfaceOrientationPortrait UIInterfaceOrientationPortraitUpsideDown UIInterfaceOrientationLandscapeLeft UIInterfaceOrientationLandscapeRight";
				INFOPLIST_KEY_UISupportedInterfaceOrientations_iPhone = "UIInterfaceOrientationPortrait UIInterfaceOrientationLandscapeLeft UIInterfaceOrientationLandscapeRight";
				LD_RUNPATH_SEARCH_PATHS = (
					"$(inherited)",
					"@executable_path/Frameworks",
				);
				MARKETING_VERSION = 1.0;
				PRODUCT_BUNDLE_IDENTIFIER = "sainathbamen.Weatther-App-API-Call";
				PRODUCT_NAME = "$(TARGET_NAME)";
				SWIFT_EMIT_LOC_STRINGS = YES;
				SWIFT_VERSION = 5.0;
				TARGETED_DEVICE_FAMILY = "1,2";
			};
			name = Release;
		};
/* End XCBuildConfiguration section */

/* Begin XCConfigurationList section */
		18BB6DE62842BC4D009BAC60 /* Build configuration list for PBXProject "Weatther App API Call" */ = {
			isa = XCConfigurationList;
			buildConfigurations = (
				18BB6DFD2842BC54009BAC60 /* Debug */,
				18BB6DFE2842BC54009BAC60 /* Release */,
			);
			defaultConfigurationIsVisible = 0;
			defaultConfigurationName = Release;
		};
		18BB6DFF2842BC54009BAC60 /* Build configuration list for PBXNativeTarget "Weatther App API Call" */ = {
			isa = XCConfigurationList;
			buildConfigurations = (
				18BB6E002842BC54009BAC60 /* Debug */,
				18BB6E012842BC54009BAC60 /* Release */,
			);
			defaultConfigurationIsVisible = 0;
			defaultConfigurationName = Release;
		};
/* End XCConfigurationList section */
	};
	rootObject = 18BB6DE32842BC4D009BAC60 /* Project object */;
}
